<?xml version="1.0" encoding="UTF-8"?>
<!DOCTYPE plist PUBLIC "-//Apple//DTD PLIST 1.0//EN" "http://www.apple.com/DTDs/PropertyList-1.0.dtd">
<plist version="1.0">
<dict>
	<key>archiveVersion</key>
	<string>1</string>
	<key>classes</key>
	<dict/>
	<key>objectVersion</key>
	<string>46</string>
	<key>objects</key>
	<dict>
		<key>080E96DDFE201D6D7F000001</key>
		<dict>
			<key>children</key>
			<array>
				<string>1D3623240D0F684500981E51</string>
				<string>1D3623250D0F684500981E51</string>
				<string>28C286DF0D94DF7D0034E888</string>
				<string>28C286E00D94DF7D0034E888</string>
				<string>276A43C613F088B700E5743A</string>
				<string>276A43C713F088B700E5743A</string>
				<string>29B97316FDCFA39411CA2CEA</string>
			</array>
			<key>isa</key>
			<string>PBXGroup</string>
			<key>name</key>
			<string>Classes</string>
			<key>path</key>
			<string>Source</string>
			<key>sourceTree</key>
			<string>&lt;group&gt;</string>
		</dict>
		<key>19C28FACFE9D520D11CA2CBB</key>
		<dict>
			<key>children</key>
			<array>
				<string>27167F6113C4FA57001CC5B6</string>
			</array>
			<key>isa</key>
			<string>PBXGroup</string>
			<key>name</key>
			<string>Products</string>
			<key>sourceTree</key>
			<string>&lt;group&gt;</string>
		</dict>
		<key>1D30AB110D05D00D00671497</key>
		<dict>
			<key>isa</key>
			<string>PBXFileReference</string>
			<key>lastKnownFileType</key>
			<string>wrapper.framework</string>
			<key>name</key>
			<string>Foundation.framework</string>
			<key>path</key>
			<string>System/Library/Frameworks/Foundation.framework</string>
			<key>sourceTree</key>
			<string>SDKROOT</string>
		</dict>
		<key>1D3623240D0F684500981E51</key>
		<dict>
			<key>fileEncoding</key>
			<string>4</string>
			<key>isa</key>
			<string>PBXFileReference</string>
			<key>lastKnownFileType</key>
			<string>sourcecode.c.h</string>
			<key>path</key>
			<string>DemoAppDelegate.h</string>
			<key>sourceTree</key>
			<string>&lt;group&gt;</string>
		</dict>
		<key>1D3623250D0F684500981E51</key>
		<dict>
			<key>fileEncoding</key>
			<string>4</string>
			<key>isa</key>
			<string>PBXFileReference</string>
			<key>lastKnownFileType</key>
			<string>sourcecode.c.objc</string>
			<key>path</key>
			<string>DemoAppDelegate.m</string>
			<key>sourceTree</key>
			<string>&lt;group&gt;</string>
		</dict>
		<key>1DF5F4DF0D08C38300B7A737</key>
		<dict>
			<key>isa</key>
			<string>PBXFileReference</string>
			<key>lastKnownFileType</key>
			<string>wrapper.framework</string>
			<key>name</key>
			<string>UIKit.framework</string>
			<key>path</key>
			<string>System/Library/Frameworks/UIKit.framework</string>
			<key>sourceTree</key>
			<string>SDKROOT</string>
		</dict>
		<key>27167F1813C4FA57001CC5B6</key>
		<dict>
			<key>buildConfigurationList</key>
			<string>27167F5E13C4FA57001CC5B6</string>
			<key>buildPhases</key>
			<array>
				<string>5A2CC075B6AE4E6AA35743CA</string>
				<string>27167F1913C4FA57001CC5B6</string>
				<string>27167F2413C4FA57001CC5B6</string>
				<string>27167F5713C4FA57001CC5B6</string>
				<string>E5EF6BF1BBDF4505B7E87C8F</string>
			</array>
			<key>buildRules</key>
			<array/>
			<key>dependencies</key>
			<array/>
			<key>isa</key>
			<string>PBXNativeTarget</string>
			<key>name</key>
			<string>GrocerySync</string>
			<key>productName</key>
			<string>Demo</string>
			<key>productReference</key>
			<string>27167F6113C4FA57001CC5B6</string>
			<key>productType</key>
			<string>com.apple.product-type.application</string>
		</dict>
		<key>27167F1913C4FA57001CC5B6</key>
		<dict>
			<key>buildActionMask</key>
			<string>2147483647</string>
			<key>files</key>
			<array>
				<string>27167F1A13C4FA57001CC5B6</string>
				<string>27167F1B13C4FA57001CC5B6</string>
				<string>27167F1D13C4FA57001CC5B6</string>
				<string>CBD6E08413E01ECB001EFA8C</string>
				<string>CBD32A2D13E0293300CF15A9</string>
				<string>2763D73617EA13620056AB79</string>
				<string>2763D73017EA0E430056AB79</string>
				<string>CBD32A2E13E0293300CF15A9</string>
				<string>CBD32A3013E0293300CF15A9</string>
				<string>CBD32A3113E0293300CF15A9</string>
				<string>CBD32A5413E15E8500CF15A9</string>
				<string>CBD32A5713E15ED000CF15A9</string>
				<string>CBD32A5813E15ED000CF15A9</string>
				<string>27AFCEB613E9FBC300F00AFB</string>
				<string>27AFCEB913E9FFAE00F00AFB</string>
				<string>27AFCEBC13EA08D700F00AFB</string>
				<string>27AFCEBD13EA08D700F00AFB</string>
				<string>2763D73417EA13030056AB79</string>
				<string>276A43CA13F088B800E5743A</string>
				<string>27CDDE4D13F1D7ED002C5079</string>
				<string>279C6596140FEF9A00A0E56D</string>
				<string>279C6598140FEFCF00A0E56D</string>
				<string>279C659A140FF07000A0E56D</string>
			</array>
			<key>isa</key>
			<string>PBXResourcesBuildPhase</string>
			<key>runOnlyForDeploymentPostprocessing</key>
			<string>0</string>
		</dict>
		<key>27167F1A13C4FA57001CC5B6</key>
		<dict>
			<key>fileRef</key>
			<string>28AD735F0D9D9599002E5188</string>
			<key>isa</key>
			<string>PBXBuildFile</string>
		</dict>
		<key>27167F1B13C4FA57001CC5B6</key>
		<dict>
			<key>fileRef</key>
			<string>28F335F01007B36200424DE2</string>
			<key>isa</key>
			<string>PBXBuildFile</string>
		</dict>
		<key>27167F1D13C4FA57001CC5B6</key>
		<dict>
			<key>fileRef</key>
			<string>3DEAED5712A2EB7400EEBD22</string>
			<key>isa</key>
			<string>PBXBuildFile</string>
		</dict>
		<key>27167F2413C4FA57001CC5B6</key>
		<dict>
			<key>buildActionMask</key>
			<string>2147483647</string>
			<key>files</key>
			<array>
				<string>27167F2513C4FA57001CC5B6</string>
				<string>27167F2613C4FA57001CC5B6</string>
				<string>27167F2713C4FA57001CC5B6</string>
				<string>276A43C913F088B800E5743A</string>
			</array>
			<key>isa</key>
			<string>PBXSourcesBuildPhase</string>
			<key>runOnlyForDeploymentPostprocessing</key>
			<string>0</string>
		</dict>
		<key>27167F2513C4FA57001CC5B6</key>
		<dict>
			<key>fileRef</key>
			<string>29B97316FDCFA39411CA2CEA</string>
			<key>isa</key>
			<string>PBXBuildFile</string>
		</dict>
		<key>27167F2613C4FA57001CC5B6</key>
		<dict>
			<key>fileRef</key>
			<string>1D3623250D0F684500981E51</string>
			<key>isa</key>
			<string>PBXBuildFile</string>
		</dict>
		<key>27167F2713C4FA57001CC5B6</key>
		<dict>
			<key>fileRef</key>
			<string>28C286E00D94DF7D0034E888</string>
			<key>isa</key>
			<string>PBXBuildFile</string>
		</dict>
		<key>27167F5713C4FA57001CC5B6</key>
		<dict>
			<key>buildActionMask</key>
			<string>2147483647</string>
			<key>files</key>
			<array>
				<string>2783A0D6156D6A8500DC8692</string>
				<string>27167F5A13C4FA57001CC5B6</string>
				<string>27167F5813C4FA57001CC5B6</string>
				<string>27962307142031E80051455D</string>
				<string>279C7E2214F2CF6E0004A1E8</string>
				<string>27167F5913C4FA57001CC5B6</string>
				<string>27E27BD314E323E3001DFCBB</string>
				<string>4011312A4E0541F3ADD24A54</string>
			</array>
			<key>isa</key>
			<string>PBXFrameworksBuildPhase</string>
			<key>runOnlyForDeploymentPostprocessing</key>
			<string>0</string>
		</dict>
		<key>27167F5813C4FA57001CC5B6</key>
		<dict>
			<key>fileRef</key>
			<string>1D30AB110D05D00D00671497</string>
			<key>isa</key>
			<string>PBXBuildFile</string>
		</dict>
		<key>27167F5913C4FA57001CC5B6</key>
		<dict>
			<key>fileRef</key>
			<string>1DF5F4DF0D08C38300B7A737</string>
			<key>isa</key>
			<string>PBXBuildFile</string>
		</dict>
		<key>27167F5A13C4FA57001CC5B6</key>
		<dict>
			<key>fileRef</key>
			<string>2892E40F0DC94CBA00A64D0F</string>
			<key>isa</key>
			<string>PBXBuildFile</string>
		</dict>
		<key>27167F5E13C4FA57001CC5B6</key>
		<dict>
			<key>buildConfigurations</key>
			<array>
				<string>27167F5F13C4FA57001CC5B6</string>
				<string>27167F6013C4FA57001CC5B6</string>
			</array>
			<key>defaultConfigurationIsVisible</key>
			<string>0</string>
			<key>defaultConfigurationName</key>
			<string>Release</string>
			<key>isa</key>
			<string>XCConfigurationList</string>
		</dict>
		<key>27167F5F13C4FA57001CC5B6</key>
		<dict>
			<key>baseConfigurationReference</key>
			<string>BB581CCB75A74B638CE2D48F</string>
			<key>buildSettings</key>
			<dict>
				<key>ALWAYS_SEARCH_USER_PATHS</key>
				<string>NO</string>
				<key>CLANG_ENABLE_OBJC_ARC</key>
				<string>YES</string>
				<key>CODE_SIGN_ENTITLEMENTS</key>
				<string></string>
				<key>COPY_PHASE_STRIP</key>
				<string>NO</string>
				<key>GCC_OPTIMIZATION_LEVEL</key>
				<string>0</string>
				<key>GCC_PRECOMPILE_PREFIX_HEADER</key>
				<string>YES</string>
				<key>INFOPLIST_FILE</key>
				<string>Resources/GrocerySync-Info.plist</string>
				<key>IPHONEOS_DEPLOYMENT_TARGET</key>
				<string>6.0</string>
				<key>ONLY_ACTIVE_ARCH</key>
				<string>YES</string>
				<key>PRODUCT_NAME</key>
				<string>GrocerySync</string>
				<key>TARGETED_DEVICE_FAMILY</key>
				<string>1,2</string>
				<key>VALIDATE_PRODUCT</key>
				<string>NO</string>
			</dict>
			<key>isa</key>
			<string>XCBuildConfiguration</string>
			<key>name</key>
			<string>Debug</string>
		</dict>
		<key>27167F6013C4FA57001CC5B6</key>
		<dict>
			<key>baseConfigurationReference</key>
			<string>BB581CCB75A74B638CE2D48F</string>
			<key>buildSettings</key>
			<dict>
				<key>ALWAYS_SEARCH_USER_PATHS</key>
				<string>NO</string>
				<key>CLANG_ENABLE_OBJC_ARC</key>
				<string>YES</string>
				<key>GCC_PRECOMPILE_PREFIX_HEADER</key>
				<string>YES</string>
				<key>INFOPLIST_FILE</key>
				<string>Resources/GrocerySync-Info.plist</string>
				<key>IPHONEOS_DEPLOYMENT_TARGET</key>
				<string>6.0</string>
				<key>ONLY_ACTIVE_ARCH</key>
				<string>YES</string>
				<key>PRODUCT_NAME</key>
				<string>GrocerySync</string>
				<key>TARGETED_DEVICE_FAMILY</key>
				<string>1,2</string>
				<key>VALIDATE_PRODUCT</key>
				<string>YES</string>
			</dict>
			<key>isa</key>
			<string>XCBuildConfiguration</string>
			<key>name</key>
			<string>Release</string>
		</dict>
		<key>27167F6113C4FA57001CC5B6</key>
		<dict>
			<key>explicitFileType</key>
			<string>wrapper.application</string>
			<key>includeInIndex</key>
			<string>0</string>
			<key>isa</key>
			<string>PBXFileReference</string>
			<key>path</key>
			<string>GrocerySync.app</string>
			<key>sourceTree</key>
			<string>BUILT_PRODUCTS_DIR</string>
		</dict>
		<key>27637C011416E78D001E30CA</key>
		<dict>
			<key>isa</key>
			<string>PBXFileReference</string>
			<key>lastKnownFileType</key>
			<string>text</string>
			<key>path</key>
			<string>README.md</string>
			<key>sourceTree</key>
			<string>&lt;group&gt;</string>
		</dict>
		<key>2763D72F17EA0E430056AB79</key>
		<dict>
			<key>isa</key>
			<string>PBXFileReference</string>
			<key>lastKnownFileType</key>
			<string>image.png</string>
			<key>path</key>
			<string>Default-568h@2x.png</string>
			<key>sourceTree</key>
			<string>&lt;group&gt;</string>
		</dict>
		<key>2763D73017EA0E430056AB79</key>
		<dict>
			<key>fileRef</key>
			<string>2763D72F17EA0E430056AB79</string>
			<key>isa</key>
			<string>PBXBuildFile</string>
		</dict>
		<key>2763D73317EA13030056AB79</key>
		<dict>
			<key>isa</key>
			<string>PBXFileReference</string>
			<key>lastKnownFileType</key>
			<string>image.png</string>
			<key>path</key>
			<string>Default@2x.png</string>
			<key>sourceTree</key>
			<string>&lt;group&gt;</string>
		</dict>
		<key>2763D73417EA13030056AB79</key>
		<dict>
			<key>fileRef</key>
			<string>2763D73317EA13030056AB79</string>
			<key>isa</key>
			<string>PBXBuildFile</string>
		</dict>
		<key>2763D73517EA13620056AB79</key>
		<dict>
			<key>isa</key>
			<string>PBXFileReference</string>
			<key>lastKnownFileType</key>
			<string>image.png</string>
			<key>path</key>
			<string>Default@2x~ipad.png</string>
			<key>sourceTree</key>
			<string>&lt;group&gt;</string>
		</dict>
		<key>2763D73617EA13620056AB79</key>
		<dict>
			<key>fileRef</key>
			<string>2763D73517EA13620056AB79</string>
			<key>isa</key>
			<string>PBXBuildFile</string>
		</dict>
		<key>276A43C613F088B700E5743A</key>
		<dict>
			<key>fileEncoding</key>
			<string>4</string>
			<key>isa</key>
			<string>PBXFileReference</string>
			<key>lastKnownFileType</key>
			<string>sourcecode.c.h</string>
			<key>path</key>
			<string>ConfigViewController.h</string>
			<key>sourceTree</key>
			<string>&lt;group&gt;</string>
		</dict>
		<key>276A43C713F088B700E5743A</key>
		<dict>
			<key>fileEncoding</key>
			<string>4</string>
			<key>isa</key>
			<string>PBXFileReference</string>
			<key>lastKnownFileType</key>
			<string>sourcecode.c.objc</string>
			<key>path</key>
			<string>ConfigViewController.m</string>
			<key>sourceTree</key>
			<string>&lt;group&gt;</string>
		</dict>
		<key>276A43C813F088B700E5743A</key>
		<dict>
			<key>fileEncoding</key>
			<string>4</string>
			<key>isa</key>
			<string>PBXFileReference</string>
			<key>lastKnownFileType</key>
			<string>file.xib</string>
			<key>name</key>
			<string>ConfigViewController.xib</string>
			<key>path</key>
			<string>../Source/ConfigViewController.xib</string>
			<key>sourceTree</key>
			<string>&lt;group&gt;</string>
		</dict>
		<key>276A43C913F088B800E5743A</key>
		<dict>
			<key>fileRef</key>
			<string>276A43C713F088B700E5743A</string>
			<key>isa</key>
			<string>PBXBuildFile</string>
		</dict>
		<key>276A43CA13F088B800E5743A</key>
		<dict>
			<key>fileRef</key>
			<string>276A43C813F088B700E5743A</string>
			<key>isa</key>
			<string>PBXBuildFile</string>
		</dict>
		<key>2783A0D5156D6A8500DC8692</key>
		<dict>
			<key>isa</key>
			<string>PBXFileReference</string>
			<key>lastKnownFileType</key>
			<string>wrapper.framework</string>
			<key>name</key>
			<string>CFNetwork.framework</string>
			<key>path</key>
			<string>System/Library/Frameworks/CFNetwork.framework</string>
			<key>sourceTree</key>
			<string>SDKROOT</string>
		</dict>
		<key>2783A0D6156D6A8500DC8692</key>
		<dict>
			<key>fileRef</key>
			<string>2783A0D5156D6A8500DC8692</string>
			<key>isa</key>
			<string>PBXBuildFile</string>
		</dict>
		<key>27962306142031E80051455D</key>
		<dict>
			<key>isa</key>
			<string>PBXFileReference</string>
			<key>lastKnownFileType</key>
			<string>wrapper.framework</string>
			<key>name</key>
			<string>Security.framework</string>
			<key>path</key>
			<string>System/Library/Frameworks/Security.framework</string>
			<key>sourceTree</key>
			<string>SDKROOT</string>
		</dict>
		<key>27962307142031E80051455D</key>
		<dict>
			<key>fileRef</key>
			<string>27962306142031E80051455D</string>
			<key>isa</key>
			<string>PBXBuildFile</string>
		</dict>
		<key>279C6595140FEF9A00A0E56D</key>
		<dict>
			<key>isa</key>
			<string>PBXFileReference</string>
			<key>lastKnownFileType</key>
			<string>image.png</string>
			<key>name</key>
			<string>icon.png</string>
			<key>path</key>
			<string>../icon.png</string>
			<key>sourceTree</key>
			<string>&lt;group&gt;</string>
		</dict>
		<key>279C6596140FEF9A00A0E56D</key>
		<dict>
			<key>fileRef</key>
			<string>279C6595140FEF9A00A0E56D</string>
			<key>isa</key>
			<string>PBXBuildFile</string>
		</dict>
		<key>279C6597140FEFCF00A0E56D</key>
		<dict>
			<key>isa</key>
			<string>PBXFileReference</string>
			<key>lastKnownFileType</key>
			<string>image.png</string>
			<key>name</key>
			<string>icon@2x.png</string>
			<key>path</key>
			<string>../icon@2x.png</string>
			<key>sourceTree</key>
			<string>&lt;group&gt;</string>
		</dict>
		<key>279C6598140FEFCF00A0E56D</key>
		<dict>
			<key>fileRef</key>
			<string>279C6597140FEFCF00A0E56D</string>
			<key>isa</key>
			<string>PBXBuildFile</string>
		</dict>
		<key>279C6599140FF07000A0E56D</key>
		<dict>
			<key>isa</key>
			<string>PBXFileReference</string>
			<key>lastKnownFileType</key>
			<string>image.png</string>
			<key>name</key>
			<string>icon~ipad.png</string>
			<key>path</key>
			<string>../icon~ipad.png</string>
			<key>sourceTree</key>
			<string>&lt;group&gt;</string>
		</dict>
		<key>279C659A140FF07000A0E56D</key>
		<dict>
			<key>fileRef</key>
			<string>279C6599140FF07000A0E56D</string>
			<key>isa</key>
			<string>PBXBuildFile</string>
		</dict>
		<key>279C7E2114F2CF6E0004A1E8</key>
		<dict>
			<key>isa</key>
			<string>PBXFileReference</string>
			<key>lastKnownFileType</key>
			<string>wrapper.framework</string>
			<key>name</key>
			<string>SystemConfiguration.framework</string>
			<key>path</key>
			<string>System/Library/Frameworks/SystemConfiguration.framework</string>
			<key>sourceTree</key>
			<string>SDKROOT</string>
		</dict>
		<key>279C7E2214F2CF6E0004A1E8</key>
		<dict>
			<key>fileRef</key>
			<string>279C7E2114F2CF6E0004A1E8</string>
			<key>isa</key>
			<string>PBXBuildFile</string>
		</dict>
		<key>27AFCEB513E9FBC300F00AFB</key>
		<dict>
			<key>isa</key>
			<string>PBXFileReference</string>
			<key>lastKnownFileType</key>
			<string>image.png</string>
			<key>name</key>
			<string>item_background.png</string>
			<key>path</key>
			<string>Resources/Elements/item_background.png</string>
			<key>sourceTree</key>
			<string>SOURCE_ROOT</string>
		</dict>
		<key>27AFCEB613E9FBC300F00AFB</key>
		<dict>
			<key>fileRef</key>
			<string>27AFCEB513E9FBC300F00AFB</string>
			<key>isa</key>
			<string>PBXBuildFile</string>
		</dict>
		<key>27AFCEB813E9FFAE00F00AFB</key>
		<dict>
			<key>isa</key>
			<string>PBXFileReference</string>
			<key>lastKnownFileType</key>
			<string>image.png</string>
			<key>name</key>
			<string>item_background~ipad.png</string>
			<key>path</key>
			<string>Resources/Elements/item_background~ipad.png</string>
			<key>sourceTree</key>
			<string>SOURCE_ROOT</string>
		</dict>
		<key>27AFCEB913E9FFAE00F00AFB</key>
		<dict>
			<key>fileRef</key>
			<string>27AFCEB813E9FFAE00F00AFB</string>
			<key>isa</key>
			<string>PBXBuildFile</string>
		</dict>
		<key>27AFCEBA13EA08D600F00AFB</key>
		<dict>
			<key>isa</key>
			<string>PBXFileReference</string>
			<key>lastKnownFileType</key>
			<string>image.jpeg</string>
			<key>path</key>
			<string>background.jpg</string>
			<key>sourceTree</key>
			<string>&lt;group&gt;</string>
		</dict>
		<key>27AFCEBB13EA08D700F00AFB</key>
		<dict>
			<key>isa</key>
			<string>PBXFileReference</string>
			<key>lastKnownFileType</key>
			<string>image.jpeg</string>
			<key>path</key>
			<string>background~ipad.jpg</string>
			<key>sourceTree</key>
			<string>&lt;group&gt;</string>
		</dict>
		<key>27AFCEBC13EA08D700F00AFB</key>
		<dict>
			<key>fileRef</key>
			<string>27AFCEBA13EA08D600F00AFB</string>
			<key>isa</key>
			<string>PBXBuildFile</string>
		</dict>
		<key>27AFCEBD13EA08D700F00AFB</key>
		<dict>
			<key>fileRef</key>
			<string>27AFCEBB13EA08D700F00AFB</string>
			<key>isa</key>
			<string>PBXBuildFile</string>
		</dict>
		<key>27CDDE4C13F1D7ED002C5079</key>
		<dict>
			<key>isa</key>
			<string>PBXFileReference</string>
			<key>lastKnownFileType</key>
			<string>image.png</string>
			<key>path</key>
			<string>couchbase-mobile-icon-nameless.png</string>
			<key>sourceTree</key>
			<string>&lt;group&gt;</string>
		</dict>
		<key>27CDDE4D13F1D7ED002C5079</key>
		<dict>
			<key>fileRef</key>
			<string>27CDDE4C13F1D7ED002C5079</string>
			<key>isa</key>
			<string>PBXBuildFile</string>
		</dict>
		<key>27E27BD214E323E3001DFCBB</key>
		<dict>
			<key>isa</key>
			<string>PBXFileReference</string>
			<key>lastKnownFileType</key>
			<string>compiled.mach-o.dylib</string>
			<key>name</key>
			<string>libz.dylib</string>
			<key>path</key>
			<string>usr/lib/libz.dylib</string>
			<key>sourceTree</key>
			<string>SDKROOT</string>
		</dict>
		<key>27E27BD314E323E3001DFCBB</key>
		<dict>
			<key>fileRef</key>
			<string>27E27BD214E323E3001DFCBB</string>
			<key>isa</key>
			<string>PBXBuildFile</string>
		</dict>
		<key>2892E40F0DC94CBA00A64D0F</key>
		<dict>
			<key>isa</key>
			<string>PBXFileReference</string>
			<key>lastKnownFileType</key>
			<string>wrapper.framework</string>
			<key>name</key>
			<string>CoreGraphics.framework</string>
			<key>path</key>
			<string>System/Library/Frameworks/CoreGraphics.framework</string>
			<key>sourceTree</key>
			<string>SDKROOT</string>
		</dict>
		<key>28AD735F0D9D9599002E5188</key>
		<dict>
			<key>isa</key>
			<string>PBXFileReference</string>
			<key>lastKnownFileType</key>
			<string>file.xib</string>
			<key>path</key>
			<string>MainWindow.xib</string>
			<key>sourceTree</key>
			<string>&lt;group&gt;</string>
		</dict>
		<key>28C286DF0D94DF7D0034E888</key>
		<dict>
			<key>fileEncoding</key>
			<string>4</string>
			<key>isa</key>
			<string>PBXFileReference</string>
			<key>lastKnownFileType</key>
			<string>sourcecode.c.h</string>
			<key>path</key>
			<string>RootViewController.h</string>
			<key>sourceTree</key>
			<string>&lt;group&gt;</string>
		</dict>
		<key>28C286E00D94DF7D0034E888</key>
		<dict>
			<key>fileEncoding</key>
			<string>4</string>
			<key>isa</key>
			<string>PBXFileReference</string>
			<key>lastKnownFileType</key>
			<string>sourcecode.c.objc</string>
			<key>path</key>
			<string>RootViewController.m</string>
			<key>sourceTree</key>
			<string>&lt;group&gt;</string>
		</dict>
		<key>28F335F01007B36200424DE2</key>
		<dict>
			<key>isa</key>
			<string>PBXFileReference</string>
			<key>lastKnownFileType</key>
			<string>file.xib</string>
			<key>path</key>
			<string>RootViewController.xib</string>
			<key>sourceTree</key>
			<string>&lt;group&gt;</string>
		</dict>
		<key>29B97313FDCFA39411CA2CEA</key>
		<dict>
			<key>attributes</key>
			<dict>
				<key>LastUpgradeCheck</key>
				<string>0420</string>
			</dict>
			<key>buildConfigurationList</key>
			<string>C01FCF4E08A954540054247B</string>
			<key>compatibilityVersion</key>
			<string>Xcode 3.2</string>
			<key>developmentRegion</key>
			<string>English</string>
			<key>hasScannedForEncodings</key>
			<string>1</string>
			<key>isa</key>
			<string>PBXProject</string>
			<key>knownRegions</key>
			<array>
				<string>English</string>
				<string>Japanese</string>
				<string>French</string>
				<string>German</string>
				<string>en</string>
			</array>
			<key>mainGroup</key>
			<string>29B97314FDCFA39411CA2CEA</string>
			<key>projectDirPath</key>
			<string></string>
			<key>projectReferences</key>
			<array/>
			<key>projectRoot</key>
			<string></string>
			<key>targets</key>
			<array>
				<string>27167F1813C4FA57001CC5B6</string>
			</array>
		</dict>
		<key>29B97314FDCFA39411CA2CEA</key>
		<dict>
			<key>children</key>
			<array>
				<string>27637C011416E78D001E30CA</string>
				<string>080E96DDFE201D6D7F000001</string>
				<string>29B97317FDCFA39411CA2CEA</string>
				<string>29B97323FDCFA39411CA2CEA</string>
				<string>19C28FACFE9D520D11CA2CBB</string>
				<string>BB581CCB75A74B638CE2D48F</string>
			</array>
			<key>isa</key>
			<string>PBXGroup</string>
			<key>name</key>
			<string>CustomTemplate</string>
			<key>sourceTree</key>
			<string>&lt;group&gt;</string>
		</dict>
		<key>29B97316FDCFA39411CA2CEA</key>
		<dict>
			<key>fileEncoding</key>
			<string>4</string>
			<key>isa</key>
			<string>PBXFileReference</string>
			<key>lastKnownFileType</key>
			<string>sourcecode.c.objc</string>
			<key>path</key>
			<string>main.m</string>
			<key>sourceTree</key>
			<string>&lt;group&gt;</string>
		</dict>
		<key>29B97317FDCFA39411CA2CEA</key>
		<dict>
			<key>children</key>
			<array>
				<string>CBD32A1813E0293300CF15A9</string>
				<string>CBD6E08313E01ECB001EFA8C</string>
				<string>2763D73317EA13030056AB79</string>
				<string>2763D72F17EA0E430056AB79</string>
				<string>CBD32A5313E15E8500CF15A9</string>
				<string>2763D73517EA13620056AB79</string>
				<string>8D1107310486CEB800E47090</string>
				<string>3DEAED5712A2EB7400EEBD22</string>
				<string>279C6595140FEF9A00A0E56D</string>
				<string>279C6597140FEFCF00A0E56D</string>
				<string>279C6599140FF07000A0E56D</string>
				<string>28F335F01007B36200424DE2</string>
				<string>28AD735F0D9D9599002E5188</string>
				<string>276A43C813F088B700E5743A</string>
			</array>
			<key>isa</key>
			<string>PBXGroup</string>
			<key>path</key>
			<string>Resources</string>
			<key>sourceTree</key>
			<string>&lt;group&gt;</string>
		</dict>
		<key>29B97323FDCFA39411CA2CEA</key>
		<dict>
			<key>children</key>
			<array>
				<string>2783A0D5156D6A8500DC8692</string>
				<string>27962306142031E80051455D</string>
				<string>279C7E2114F2CF6E0004A1E8</string>
				<string>27E27BD214E323E3001DFCBB</string>
				<string>2892E40F0DC94CBA00A64D0F</string>
				<string>1D30AB110D05D00D00671497</string>
				<string>1DF5F4DF0D08C38300B7A737</string>
				<string>924FBEC5F8024780B1B8B09D</string>
			</array>
			<key>isa</key>
			<string>PBXGroup</string>
			<key>name</key>
			<string>Frameworks</string>
			<key>sourceTree</key>
			<string>&lt;group&gt;</string>
		</dict>
		<key>3DEAED5712A2EB7400EEBD22</key>
		<dict>
			<key>fileEncoding</key>
			<string>4</string>
			<key>isa</key>
			<string>PBXFileReference</string>
			<key>lastKnownFileType</key>
			<string>text.plist.xml</string>
			<key>path</key>
			<string>Entitlements.plist</string>
			<key>sourceTree</key>
			<string>&lt;group&gt;</string>
		</dict>
		<key>4011312A4E0541F3ADD24A54</key>
		<dict>
			<key>fileRef</key>
			<string>924FBEC5F8024780B1B8B09D</string>
			<key>isa</key>
			<string>PBXBuildFile</string>
		</dict>
		<key>5A2CC075B6AE4E6AA35743CA</key>
		<dict>
			<key>buildActionMask</key>
			<string>2147483647</string>
			<key>files</key>
			<array/>
			<key>inputPaths</key>
			<array/>
			<key>isa</key>
			<string>PBXShellScriptBuildPhase</string>
			<key>name</key>
			<string>Check Pods Manifest.lock</string>
			<key>outputPaths</key>
			<array/>
			<key>runOnlyForDeploymentPostprocessing</key>
			<string>0</string>
			<key>shellPath</key>
			<string>/bin/sh</string>
			<key>shellScript</key>
			<string>diff "${PODS_ROOT}/../Podfile.lock" "${PODS_ROOT}/Manifest.lock" &gt; /dev/null
if [[ $? != 0 ]] ; then
    cat &lt;&lt; EOM
error: The sandbox is not in sync with the Podfile.lock. Run 'pod install' or update your CocoaPods installation.
EOM
    exit 1
fi
</string>
			<key>showEnvVarsInLog</key>
			<string>0</string>
		</dict>
		<key>8D1107310486CEB800E47090</key>
		<dict>
			<key>fileEncoding</key>
			<string>4</string>
			<key>isa</key>
			<string>PBXFileReference</string>
			<key>lastKnownFileType</key>
			<string>text.plist.xml</string>
			<key>path</key>
			<string>GrocerySync-Info.plist</string>
			<key>plistStructureDefinitionIdentifier</key>
			<string>com.apple.xcode.plist.structure-definition.iphone.info-plist</string>
			<key>sourceTree</key>
			<string>&lt;group&gt;</string>
		</dict>
		<key>924FBEC5F8024780B1B8B09D</key>
		<dict>
			<key>explicitFileType</key>
			<string>archive.ar</string>
			<key>includeInIndex</key>
			<string>0</string>
			<key>isa</key>
			<string>PBXFileReference</string>
			<key>path</key>
			<string>libPods.a</string>
			<key>sourceTree</key>
			<string>BUILT_PRODUCTS_DIR</string>
		</dict>
		<key>BB581CCB75A74B638CE2D48F</key>
		<dict>
			<key>includeInIndex</key>
			<string>1</string>
			<key>isa</key>
			<string>PBXFileReference</string>
			<key>lastKnownFileType</key>
			<string>text.xcconfig</string>
			<key>name</key>
			<string>Pods.xcconfig</string>
			<key>path</key>
			<string>Pods/Pods.xcconfig</string>
			<key>sourceTree</key>
			<string>&lt;group&gt;</string>
		</dict>
		<key>C01FCF4E08A954540054247B</key>
		<dict>
			<key>buildConfigurations</key>
			<array>
				<string>C01FCF4F08A954540054247B</string>
				<string>C01FCF5008A954540054247B</string>
			</array>
			<key>defaultConfigurationIsVisible</key>
			<string>0</string>
			<key>defaultConfigurationName</key>
			<string>Release</string>
			<key>isa</key>
			<string>XCConfigurationList</string>
		</dict>
		<key>C01FCF4F08A954540054247B</key>
		<dict>
			<key>buildSettings</key>
			<dict>
				<key>CODE_SIGN_IDENTITY[sdk=iphoneos*]</key>
				<string>iPhone Developer</string>
				<key>CURRENT_PROJECT_VERSION</key>
				<string>111</string>
				<key>GCC_C_LANGUAGE_STANDARD</key>
				<string>c99</string>
				<key>GCC_PREPROCESSOR_DEFINITIONS</key>
				<string>DEBUG=1</string>
				<key>GCC_TREAT_WARNINGS_AS_ERRORS</key>
				<string>YES</string>
				<key>GCC_VERSION</key>
				<string>com.apple.compilers.llvm.clang.1_0</string>
				<key>GCC_WARN_ABOUT_RETURN_TYPE</key>
				<string>YES</string>
				<key>GCC_WARN_UNUSED_VARIABLE</key>
				<string>YES</string>
				<key>IPHONEOS_DEPLOYMENT_TARGET</key>
				<string>6.0</string>
				<key>ONLY_ACTIVE_ARCH</key>
				<string>YES</string>
				<key>PROVISIONING_PROFILE[sdk=iphoneos*]</key>
				<string></string>
				<key>SDKROOT</key>
				<string>iphoneos</string>
				<key>VERSIONING_SYSTEM</key>
				<string>apple-generic</string>
				<key>WARNING_CFLAGS</key>
				<string>-Wall</string>
			</dict>
			<key>isa</key>
			<string>XCBuildConfiguration</string>
			<key>name</key>
			<string>Debug</string>
		</dict>
		<key>C01FCF5008A954540054247B</key>
		<dict>
			<key>buildSettings</key>
			<dict>
				<key>CODE_SIGN_ENTITLEMENTS</key>
				<string>Resources/Entitlements.plist</string>
				<key>CODE_SIGN_IDENTITY[sdk=iphoneos*]</key>
				<string>iPhone Distribution</string>
				<key>COPY_PHASE_STRIP</key>
				<string>NO</string>
				<key>CURRENT_PROJECT_VERSION</key>
				<string>111</string>
				<key>DEPLOYMENT_POSTPROCESSING</key>
				<string>YES</string>
				<key>GCC_C_LANGUAGE_STANDARD</key>
				<string>c99</string>
				<key>GCC_TREAT_WARNINGS_AS_ERRORS</key>
				<string>YES</string>
				<key>GCC_VERSION</key>
				<string>com.apple.compilers.llvm.clang.1_0</string>
				<key>GCC_WARN_ABOUT_RETURN_TYPE</key>
				<string>YES</string>
				<key>GCC_WARN_UNUSED_VARIABLE</key>
				<string>YES</string>
				<key>IPHONEOS_DEPLOYMENT_TARGET</key>
				<string>6.0</string>
				<key>ONLY_ACTIVE_ARCH</key>
				<string>YES</string>
				<key>OTHER_CFLAGS</key>
				<string>-DNS_BLOCK_ASSERTIONS=1</string>
				<key>PROVISIONING_PROFILE[sdk=iphoneos*]</key>
				<string></string>
				<key>SDKROOT</key>
				<string>iphoneos</string>
				<key>VERSIONING_SYSTEM</key>
				<string>apple-generic</string>
				<key>WARNING_CFLAGS</key>
				<string>-Wall</string>
			</dict>
			<key>isa</key>
			<string>XCBuildConfiguration</string>
			<key>name</key>
			<string>Release</string>
		</dict>
		<key>CBD32A1813E0293300CF15A9</key>
		<dict>
			<key>children</key>
			<array>
				<string>27AFCEBA13EA08D600F00AFB</string>
				<string>27AFCEBB13EA08D700F00AFB</string>
				<string>27AFCEB513E9FBC300F00AFB</string>
				<string>27AFCEB813E9FFAE00F00AFB</string>
				<string>CBD32A2013E0293300CF15A9</string>
				<string>CBD32A2113E0293300CF15A9</string>
				<string>CBD32A5513E15ED000CF15A9</string>
				<string>CBD32A5613E15ED000CF15A9</string>
				<string>CBD32A2313E0293300CF15A9</string>
				<string>CBD32A2413E0293300CF15A9</string>
				<string>27CDDE4C13F1D7ED002C5079</string>
			</array>
			<key>isa</key>
			<string>PBXGroup</string>
			<key>path</key>
			<string>Elements</string>
			<key>sourceTree</key>
			<string>&lt;group&gt;</string>
		</dict>
		<key>CBD32A2013E0293300CF15A9</key>
		<dict>
			<key>isa</key>
			<string>PBXFileReference</string>
			<key>lastKnownFileType</key>
			<string>image.png</string>
			<key>path</key>
			<string>list_area___checkbox___checked.png</string>
			<key>sourceTree</key>
			<string>&lt;group&gt;</string>
		</dict>
		<key>CBD32A2113E0293300CF15A9</key>
		<dict>
			<key>isa</key>
			<string>PBXFileReference</string>
			<key>lastKnownFileType</key>
			<string>image.png</string>
			<key>path</key>
			<string>list_area___checkbox___unchecked.png</string>
			<key>sourceTree</key>
			<string>&lt;group&gt;</string>
		</dict>
		<key>CBD32A2313E0293300CF15A9</key>
		<dict>
			<key>isa</key>
			<string>PBXFileReference</string>
			<key>lastKnownFileType</key>
			<string>image.png</string>
			<key>path</key>
			<string>textfield___active.png</string>
			<key>sourceTree</key>
			<string>&lt;group&gt;</string>
		</dict>
		<key>CBD32A2413E0293300CF15A9</key>
		<dict>
			<key>isa</key>
			<string>PBXFileReference</string>
			<key>lastKnownFileType</key>
			<string>image.png</string>
			<key>path</key>
			<string>textfield___inactive.png</string>
			<key>sourceTree</key>
			<string>&lt;group&gt;</string>
		</dict>
		<key>CBD32A2D13E0293300CF15A9</key>
		<dict>
			<key>fileRef</key>
			<string>CBD32A2013E0293300CF15A9</string>
			<key>isa</key>
			<string>PBXBuildFile</string>
		</dict>
		<key>CBD32A2E13E0293300CF15A9</key>
		<dict>
			<key>fileRef</key>
			<string>CBD32A2113E0293300CF15A9</string>
			<key>isa</key>
			<string>PBXBuildFile</string>
		</dict>
		<key>CBD32A3013E0293300CF15A9</key>
		<dict>
			<key>fileRef</key>
			<string>CBD32A2313E0293300CF15A9</string>
			<key>isa</key>
			<string>PBXBuildFile</string>
		</dict>
		<key>CBD32A3113E0293300CF15A9</key>
		<dict>
			<key>fileRef</key>
			<string>CBD32A2413E0293300CF15A9</string>
			<key>isa</key>
			<string>PBXBuildFile</string>
		</dict>
		<key>CBD32A5313E15E8500CF15A9</key>
		<dict>
			<key>isa</key>
			<string>PBXFileReference</string>
			<key>lastKnownFileType</key>
			<string>image.png</string>
			<key>path</key>
			<string>Default~ipad.png</string>
			<key>sourceTree</key>
			<string>&lt;group&gt;</string>
		</dict>
		<key>CBD32A5413E15E8500CF15A9</key>
		<dict>
			<key>fileRef</key>
			<string>CBD32A5313E15E8500CF15A9</string>
			<key>isa</key>
			<string>PBXBuildFile</string>
		</dict>
		<key>CBD32A5513E15ED000CF15A9</key>
		<dict>
			<key>isa</key>
			<string>PBXFileReference</string>
			<key>lastKnownFileType</key>
			<string>image.png</string>
			<key>path</key>
			<string>textfield___active~ipad.png</string>
			<key>sourceTree</key>
			<string>&lt;group&gt;</string>
		</dict>
		<key>CBD32A5613E15ED000CF15A9</key>
		<dict>
			<key>isa</key>
			<string>PBXFileReference</string>
			<key>lastKnownFileType</key>
			<string>image.png</string>
			<key>path</key>
			<string>textfield___inactive~ipad.png</string>
			<key>sourceTree</key>
			<string>&lt;group&gt;</string>
		</dict>
		<key>CBD32A5713E15ED000CF15A9</key>
		<dict>
			<key>fileRef</key>
			<string>CBD32A5513E15ED000CF15A9</string>
			<key>isa</key>
			<string>PBXBuildFile</string>
		</dict>
		<key>CBD32A5813E15ED000CF15A9</key>
		<dict>
			<key>fileRef</key>
			<string>CBD32A5613E15ED000CF15A9</string>
			<key>isa</key>
			<string>PBXBuildFile</string>
		</dict>
		<key>CBD6E08313E01ECB001EFA8C</key>
		<dict>
			<key>isa</key>
			<string>PBXFileReference</string>
			<key>lastKnownFileType</key>
			<string>image.png</string>
			<key>path</key>
			<string>Default.png</string>
			<key>sourceTree</key>
			<string>&lt;group&gt;</string>
		</dict>
		<key>CBD6E08413E01ECB001EFA8C</key>
		<dict>
			<key>fileRef</key>
			<string>CBD6E08313E01ECB001EFA8C</string>
			<key>isa</key>
			<string>PBXBuildFile</string>
		</dict>
		<key>E5EF6BF1BBDF4505B7E87C8F</key>
		<dict>
			<key>buildActionMask</key>
			<string>2147483647</string>
			<key>files</key>
			<array/>
			<key>inputPaths</key>
			<array/>
			<key>isa</key>
			<string>PBXShellScriptBuildPhase</string>
			<key>name</key>
			<string>Copy Pods Resources</string>
			<key>outputPaths</key>
			<array/>
			<key>runOnlyForDeploymentPostprocessing</key>
			<string>0</string>
			<key>shellPath</key>
			<string>/bin/sh</string>
			<key>shellScript</key>
			<string>"${SRCROOT}/Pods/Pods-resources.sh"
</string>
			<key>showEnvVarsInLog</key>
			<string>0</string>
		</dict>
	</dict>
	<key>rootObject</key>
	<string>29B97313FDCFA39411CA2CEA</string>
</dict>
</plist>
